lockfileVersion: '6.0'

settings:
  autoInstallPeers: true
  excludeLinksFromLockfile: false

dependencies:
  lodash:
    specifier: ~4.17.0
    version: 4.17.0

devDependencies:
  prettier:
    specifier: ^3.0.1
    version: 3.0.1

packages:

  /lodash@4.17.0:
    resolution: {integrity: sha512-wXJoUnY8v5rCurNIL6tM0TOv/F6B2NzDzLzStNOQoX/i88s8hPGkYSRPMtcdjORIx1dHUB1lQVhsNyC9yjD/7w==}
    dev: false

  /prettier@3.0.1:
    resolution: {integrity: sha512-fcOWSnnpCrovBsmFZIGIy9UqK2FaI7Hqax+DIO0A9UxeVoY4iweyaFjS5TavZN97Hfehph0nhsZnjlVKzEQSrQ==}
    engines: {node: '>=14'}
    hasBin: true
    dev: true
